
Microsoft Visual Studio Solution File, Format Version 12.00
# Visual Studio 15
VisualStudioVersion = 15.0.28307.645
MinimumVisualStudioVersion = 10.0.40219.1
Project("{FAE04EC0-301F-11D3-BF4B-00C04F79EFBC}") = "HorseRacing", "HorseRacing\HorseRacing.csproj", "{52867038-A679-45A4-B1FE-D83B454B2803}"
EndProject
Project("{FAE04EC0-301F-11D3-BF4B-00C04F79EFBC}") = "HorseRacingTests", "HorseRacingTests\HorseRacingTests.csproj", "{C7560F12-8FE1-4229-8F07-84021B3D8AC8}"
EndProject
Global
	GlobalSection(SolutionConfigurationPlatforms) = preSolution
		Debug|Any CPU = Debug|Any CPU
		Release|Any CPU = Release|Any CPU
	EndGlobalSection
	GlobalSection(ProjectConfigurationPlatforms) = postSolution
		{52867038-A679-45A4-B1FE-D83B454B2803}.Debug|Any CPU.ActiveCfg = Debug|Any CPU
		{52867038-A679-45A4-B1FE-D83B454B2803}.Debug|Any CPU.Build.0 = Debug|Any CPU
		{52867038-A679-45A4-B1FE-D83B454B2803}.Release|Any CPU.ActiveCfg = Release|Any CPU
		{52867038-A679-45A4-B1FE-D83B454B2803}.Release|Any CPU.Build.0 = Release|Any CPU
		{C7560F12-8FE1-4229-8F07-84021B3D8AC8}.Debug|Any CPU.ActiveCfg = Debug|Any CPU
		{C7560F12-8FE1-4229-8F07-84021B3D8AC8}.Debug|Any CPU.Build.0 = Debug|Any CPU
		{C7560F12-8FE1-4229-8F07-84021B3D8AC8}.Release|Any CPU.ActiveCfg = Release|Any CPU
		{C7560F12-8FE1-4229-8F07-84021B3D8AC8}.Release|Any CPU.Build.0 = Release|Any CPU
	EndGlobalSection
	GlobalSection(SolutionProperties) = preSolution
		HideSolutionNode = FALSE
	EndGlobalSection
	GlobalSection(ExtensibilityGlobals) = postSolution
		SolutionGuid = {BBAB3C2D-7BE9-43C0-A0BC-94F4023651D3}
	EndGlobalSection
EndGlobal
