
Microsoft Visual Studio Solution File, Format Version 12.00
# Visual Studio Version 16
VisualStudioVersion = 16.0.29009.5
MinimumVisualStudioVersion = 10.0.40219.1
Project("{FAE04EC0-301F-11D3-BF4B-00C04F79EFBC}") = "HorseRace", "HorseRace\HorseRace.csproj", "{250CACC9-ABB8-4C33-BC38-BFF8622DBACA}"
EndProject
Global
	GlobalSection(SolutionConfigurationPlatforms) = preSolution
		Debug|Any CPU = Debug|Any CPU
		Release|Any CPU = Release|Any CPU
	EndGlobalSection
	GlobalSection(ProjectConfigurationPlatforms) = postSolution
		{250CACC9-ABB8-4C33-BC38-BFF8622DBACA}.Debug|Any CPU.ActiveCfg = Debug|Any CPU
		{250CACC9-ABB8-4C33-BC38-BFF8622DBACA}.Debug|Any CPU.Build.0 = Debug|Any CPU
		{250CACC9-ABB8-4C33-BC38-BFF8622DBACA}.Release|Any CPU.ActiveCfg = Release|Any CPU
		{250CACC9-ABB8-4C33-BC38-BFF8622DBACA}.Release|Any CPU.Build.0 = Release|Any CPU
	EndGlobalSection
	GlobalSection(SolutionProperties) = preSolution
		HideSolutionNode = FALSE
	EndGlobalSection
	GlobalSection(ExtensibilityGlobals) = postSolution
		SolutionGuid = {A66FCC62-D515-4779-A959-A14702918E1C}
	EndGlobalSection
EndGlobal
