
Microsoft Visual Studio Solution File, Format Version 12.00
# Visual Studio 15
VisualStudioVersion = 15.0.28010.2016
MinimumVisualStudioVersion = 10.0.40219.1
Project("{FAE04EC0-301F-11D3-BF4B-00C04F79EFBC}") = "HorseRace.Simulator", "HorseRace.Simulator\HorseRace.Simulator.csproj", "{F023CCB8-A1F2-4E48-B4AD-56A2490BBD29}"
EndProject
Project("{FAE04EC0-301F-11D3-BF4B-00C04F79EFBC}") = "HorseRace.UnitTests", "HorceRace.UnitTests\HorseRace.UnitTests.csproj", "{6857082F-7873-4489-9397-39BABF4A31D2}"
EndProject
Global
	GlobalSection(SolutionConfigurationPlatforms) = preSolution
		Debug|Any CPU = Debug|Any CPU
		Release|Any CPU = Release|Any CPU
	EndGlobalSection
	GlobalSection(ProjectConfigurationPlatforms) = postSolution
		{F023CCB8-A1F2-4E48-B4AD-56A2490BBD29}.Debug|Any CPU.ActiveCfg = Debug|Any CPU
		{F023CCB8-A1F2-4E48-B4AD-56A2490BBD29}.Debug|Any CPU.Build.0 = Debug|Any CPU
		{F023CCB8-A1F2-4E48-B4AD-56A2490BBD29}.Release|Any CPU.ActiveCfg = Release|Any CPU
		{F023CCB8-A1F2-4E48-B4AD-56A2490BBD29}.Release|Any CPU.Build.0 = Release|Any CPU
		{6857082F-7873-4489-9397-39BABF4A31D2}.Debug|Any CPU.ActiveCfg = Debug|Any CPU
		{6857082F-7873-4489-9397-39BABF4A31D2}.Debug|Any CPU.Build.0 = Debug|Any CPU
		{6857082F-7873-4489-9397-39BABF4A31D2}.Release|Any CPU.ActiveCfg = Release|Any CPU
		{6857082F-7873-4489-9397-39BABF4A31D2}.Release|Any CPU.Build.0 = Release|Any CPU
	EndGlobalSection
	GlobalSection(SolutionProperties) = preSolution
		HideSolutionNode = FALSE
	EndGlobalSection
	GlobalSection(ExtensibilityGlobals) = postSolution
		SolutionGuid = {26A5DF2F-B095-4F8D-B0B5-1DEADAA6A219}
	EndGlobalSection
EndGlobal
